// !$*UTF8*$!
{
	archiveVersion = 1;
	classes = {
	};
	objectVersion = 55;
	objects = {

/* Begin PBXBuildFile section */
		062F8578295DD2BC0037DE59 /* equipmentCheck.storyboard in Resources */ = {isa = PBXBuildFile; fileRef = 062F8577295DD2BC0037DE59 /* equipmentCheck.storyboard */; };
		062F857A295DD3380037DE59 /* EquipmentTVC.swift in Sources */ = {isa = PBXBuildFile; fileRef = 062F8579295DD3380037DE59 /* EquipmentTVC.swift */; };
		062F857C295DD4600037DE59 /* EquipmentCell.swift in Sources */ = {isa = PBXBuildFile; fileRef = 062F857B295DD4600037DE59 /* EquipmentCell.swift */; };
		062F857E2960788D0037DE59 /* Equipment.swift in Sources */ = {isa = PBXBuildFile; fileRef = 062F857D2960788D0037DE59 /* Equipment.swift */; };
		0645EF8D2953887200BB53DF /* ViewDivesTVC.swift in Sources */ = {isa = PBXBuildFile; fileRef = 0645EF8C2953887200BB53DF /* ViewDivesTVC.swift */; };
		0645EFAF29561A3700BB53DF /* TripCell.swift in Sources */ = {isa = PBXBuildFile; fileRef = 0645EFAE29561A3700BB53DF /* TripCell.swift */; };
		0645EFB1295620A100BB53DF /* DiveCell.swift in Sources */ = {isa = PBXBuildFile; fileRef = 0645EFB0295620A100BB53DF /* DiveCell.swift */; };
		3F020F982951A6BD00BC4291 /* AddEditTripTVC.swift in Sources */ = {isa = PBXBuildFile; fileRef = 3F020F972951A6BD00BC4291 /* AddEditTripTVC.swift */; };
		3F0C06A62952F06C00D4F178 /* AddEditDivesTVC.swift in Sources */ = {isa = PBXBuildFile; fileRef = 3F0C06A52952F06C00D4F178 /* AddEditDivesTVC.swift */; };
		3F1AEE25294E432F004C24F7 /* TripsTableViewController.swift in Sources */ = {isa = PBXBuildFile; fileRef = 3F1AEE24294E432F004C24F7 /* TripsTableViewController.swift */; };
		3F5B3826294B89B600E2B78E /* TheTrips.storyboard in Resources */ = {isa = PBXBuildFile; fileRef = 3F5B3825294B89B600E2B78E /* TheTrips.storyboard */; };
		3F5B3829294B89E300E2B78E /* TheDives.storyboard in Resources */ = {isa = PBXBuildFile; fileRef = 3F5B3827294B89E300E2B78E /* TheDives.storyboard */; };
		3F5B382B294B8BC900E2B78E /* UserSettings.storyboard in Resources */ = {isa = PBXBuildFile; fileRef = 3F5B382A294B8BC900E2B78E /* UserSettings.storyboard */; };
		3F5B3833294B8F6100E2B78E /* AddEditTheTrips.storyboard in Resources */ = {isa = PBXBuildFile; fileRef = 3F5B3831294B8F6100E2B78E /* AddEditTheTrips.storyboard */; };
		3F5B3836294B8F8D00E2B78E /* AddEditTheDives.storyboard in Resources */ = {isa = PBXBuildFile; fileRef = 3F5B3834294B8F8D00E2B78E /* AddEditTheDives.storyboard */; };
		3F5B383B294B92F900E2B78E /* ViewTheDives.storyboard in Resources */ = {isa = PBXBuildFile; fileRef = 3F5B3839294B92F900E2B78E /* ViewTheDives.storyboard */; };
		3F5DFA9C29576AAC00D482DB /* Dives.swift in Sources */ = {isa = PBXBuildFile; fileRef = 3F5DFA9B29576AAC00D482DB /* Dives.swift */; };
		3F9AACC2295B0F4500593E72 /* ViewTheDivesTVC.swift in Sources */ = {isa = PBXBuildFile; fileRef = 3F9AACC1295B0F4500593E72 /* ViewTheDivesTVC.swift */; };
		3FB1C236294B015700C706F1 /* Trips.swift in Sources */ = {isa = PBXBuildFile; fileRef = 3FB1C235294B015700C706F1 /* Trips.swift */; };
		3FB1C23C294B0D5B00C706F1 /* Home.storyboard in Resources */ = {isa = PBXBuildFile; fileRef = 3FB1C23A294B0D5B00C706F1 /* Home.storyboard */; };
		3FB2446F29560C8A00CF45A6 /* HomeVC.swift in Sources */ = {isa = PBXBuildFile; fileRef = 3FB2446E29560C8A00CF45A6 /* HomeVC.swift */; };
		3FD2ABA729477EA6001D293A /* AppDelegate.swift in Sources */ = {isa = PBXBuildFile; fileRef = 3FD2ABA629477EA6001D293A /* AppDelegate.swift */; };
		3FD2ABA929477EA6001D293A /* SceneDelegate.swift in Sources */ = {isa = PBXBuildFile; fileRef = 3FD2ABA829477EA6001D293A /* SceneDelegate.swift */; };
		3FD2ABAB29477EA6001D293A /* ViewController.swift in Sources */ = {isa = PBXBuildFile; fileRef = 3FD2ABAA29477EA6001D293A /* ViewController.swift */; };
		3FD2ABAE29477EA6001D293A /* Main.storyboard in Resources */ = {isa = PBXBuildFile; fileRef = 3FD2ABAC29477EA6001D293A /* Main.storyboard */; };
		3FD2ABB029477EA8001D293A /* Assets.xcassets in Resources */ = {isa = PBXBuildFile; fileRef = 3FD2ABAF29477EA8001D293A /* Assets.xcassets */; };
		3FD2ABB329477EA8001D293A /* LaunchScreen.storyboard in Resources */ = {isa = PBXBuildFile; fileRef = 3FD2ABB129477EA8001D293A /* LaunchScreen.storyboard */; };
/* End PBXBuildFile section */

/* Begin PBXFileReference section */
		062F8577295DD2BC0037DE59 /* equipmentCheck.storyboard */ = {isa = PBXFileReference; lastKnownFileType = file.storyboard; path = equipmentCheck.storyboard; sourceTree = "<group>"; };
		062F8579295DD3380037DE59 /* EquipmentTVC.swift */ = {isa = PBXFileReference; lastKnownFileType = sourcecode.swift; path = EquipmentTVC.swift; sourceTree = "<group>"; };
		062F857B295DD4600037DE59 /* EquipmentCell.swift */ = {isa = PBXFileReference; lastKnownFileType = sourcecode.swift; path = EquipmentCell.swift; sourceTree = "<group>"; };
		062F857D2960788D0037DE59 /* Equipment.swift */ = {isa = PBXFileReference; lastKnownFileType = sourcecode.swift; path = Equipment.swift; sourceTree = "<group>"; };
		0645EF8C2953887200BB53DF /* ViewDivesTVC.swift */ = {isa = PBXFileReference; lastKnownFileType = sourcecode.swift; path = ViewDivesTVC.swift; sourceTree = "<group>"; };
		0645EFAE29561A3700BB53DF /* TripCell.swift */ = {isa = PBXFileReference; lastKnownFileType = sourcecode.swift; path = TripCell.swift; sourceTree = "<group>"; };
		0645EFB0295620A100BB53DF /* DiveCell.swift */ = {isa = PBXFileReference; lastKnownFileType = sourcecode.swift; path = DiveCell.swift; sourceTree = "<group>"; };
		3F020F972951A6BD00BC4291 /* AddEditTripTVC.swift */ = {isa = PBXFileReference; lastKnownFileType = sourcecode.swift; path = AddEditTripTVC.swift; sourceTree = "<group>"; };
		3F0C06A52952F06C00D4F178 /* AddEditDivesTVC.swift */ = {isa = PBXFileReference; lastKnownFileType = sourcecode.swift; path = AddEditDivesTVC.swift; sourceTree = "<group>"; };
		3F1AEE24294E432F004C24F7 /* TripsTableViewController.swift */ = {isa = PBXFileReference; lastKnownFileType = sourcecode.swift; path = TripsTableViewController.swift; sourceTree = "<group>"; };
		3F5B3825294B89B600E2B78E /* TheTrips.storyboard */ = {isa = PBXFileReference; fileEncoding = 4; lastKnownFileType = file.storyboard; path = TheTrips.storyboard; sourceTree = "<group>"; };
		3F5B3828294B89E300E2B78E /* Base */ = {isa = PBXFileReference; lastKnownFileType = file.storyboard; name = Base; path = DivingApp/Base.lproj/TheDives.storyboard; sourceTree = "<group>"; };
		3F5B382A294B8BC900E2B78E /* UserSettings.storyboard */ = {isa = PBXFileReference; fileEncoding = 4; lastKnownFileType = file.storyboard; path = UserSettings.storyboard; sourceTree = "<group>"; };
		3F5B3832294B8F6100E2B78E /* Base */ = {isa = PBXFileReference; lastKnownFileType = file.storyboard; name = Base; path = Base.lproj/AddEditTheTrips.storyboard; sourceTree = "<group>"; };
		3F5B3835294B8F8D00E2B78E /* Base */ = {isa = PBXFileReference; lastKnownFileType = file.storyboard; name = Base; path = DivingApp/DivingApp/Base.lproj/AddEditTheDives.storyboard; sourceTree = "<group>"; };
		3F5B383A294B92F900E2B78E /* Base */ = {isa = PBXFileReference; lastKnownFileType = file.storyboard; name = Base; path = DivingApp/DivingApp/DivingApp/Base.lproj/ViewTheDives.storyboard; sourceTree = "<group>"; };
		3F5DFA9B29576AAC00D482DB /* Dives.swift */ = {isa = PBXFileReference; lastKnownFileType = sourcecode.swift; path = Dives.swift; sourceTree = "<group>"; };
		3F9AACC1295B0F4500593E72 /* ViewTheDivesTVC.swift */ = {isa = PBXFileReference; lastKnownFileType = sourcecode.swift; path = ViewTheDivesTVC.swift; sourceTree = "<group>"; };
		3FB1C235294B015700C706F1 /* Trips.swift */ = {isa = PBXFileReference; lastKnownFileType = sourcecode.swift; path = Trips.swift; sourceTree = "<group>"; };
		3FB1C23B294B0D5B00C706F1 /* Base */ = {isa = PBXFileReference; lastKnownFileType = file.storyboard; name = Base; path = DivingApp/Base.lproj/Home.storyboard; sourceTree = "<group>"; };
		3FB2446E29560C8A00CF45A6 /* HomeVC.swift */ = {isa = PBXFileReference; lastKnownFileType = sourcecode.swift; path = HomeVC.swift; sourceTree = "<group>"; };
		3FD2ABA329477EA6001D293A /* DivingApp.app */ = {isa = PBXFileReference; explicitFileType = wrapper.application; includeInIndex = 0; path = DivingApp.app; sourceTree = BUILT_PRODUCTS_DIR; };
		3FD2ABA629477EA6001D293A /* AppDelegate.swift */ = {isa = PBXFileReference; lastKnownFileType = sourcecode.swift; path = AppDelegate.swift; sourceTree = "<group>"; };
		3FD2ABA829477EA6001D293A /* SceneDelegate.swift */ = {isa = PBXFileReference; lastKnownFileType = sourcecode.swift; path = SceneDelegate.swift; sourceTree = "<group>"; };
		3FD2ABAA29477EA6001D293A /* ViewController.swift */ = {isa = PBXFileReference; lastKnownFileType = sourcecode.swift; path = ViewController.swift; sourceTree = "<group>"; };
		3FD2ABAD29477EA6001D293A /* Base */ = {isa = PBXFileReference; lastKnownFileType = file.storyboard; name = Base; path = Base.lproj/Main.storyboard; sourceTree = "<group>"; };
		3FD2ABAF29477EA8001D293A /* Assets.xcassets */ = {isa = PBXFileReference; lastKnownFileType = folder.assetcatalog; path = Assets.xcassets; sourceTree = "<group>"; };
		3FD2ABB229477EA8001D293A /* Base */ = {isa = PBXFileReference; lastKnownFileType = file.storyboard; name = Base; path = Base.lproj/LaunchScreen.storyboard; sourceTree = "<group>"; };
		3FD2ABB429477EA8001D293A /* Info.plist */ = {isa = PBXFileReference; lastKnownFileType = text.plist.xml; path = Info.plist; sourceTree = "<group>"; };
/* End PBXFileReference section */

/* Begin PBXFrameworksBuildPhase section */
		3FD2ABA029477EA6001D293A /* Frameworks */ = {
			isa = PBXFrameworksBuildPhase;
			buildActionMask = 2147483647;
			files = (
			);
			runOnlyForDeploymentPostprocessing = 0;
		};
/* End PBXFrameworksBuildPhase section */

/* Begin PBXGroup section */
		3F54FB55295793A100F580CA /* AddEdit */ = {
			isa = PBXGroup;
			children = (
				3F020F972951A6BD00BC4291 /* AddEditTripTVC.swift */,
				3F0C06A52952F06C00D4F178 /* AddEditDivesTVC.swift */,
			);
			path = AddEdit;
			sourceTree = "<group>";
		};
		3FD2AB9A29477EA6001D293A = {
			isa = PBXGroup;
			children = (
				3FD2ABA529477EA6001D293A /* DivingApp */,
				3FD2ABA429477EA6001D293A /* Products */,
			);
			sourceTree = "<group>";
		};
		3FD2ABA429477EA6001D293A /* Products */ = {
			isa = PBXGroup;
			children = (
				3FD2ABA329477EA6001D293A /* DivingApp.app */,
			);
			name = Products;
			sourceTree = "<group>";
		};
		3FD2ABA529477EA6001D293A /* DivingApp */ = {
			isa = PBXGroup;
			children = (
				3FD2ABA629477EA6001D293A /* AppDelegate.swift */,
				3FD2ABA829477EA6001D293A /* SceneDelegate.swift */,
				3FD2ABAA29477EA6001D293A /* ViewController.swift */,
				3FB1C235294B015700C706F1 /* Trips.swift */,
				3F5DFA9B29576AAC00D482DB /* Dives.swift */,
				3FD2ABAC29477EA6001D293A /* Main.storyboard */,
				3FFCC8BA2950F44000A1B21A /* Safa Features */,
				3FFCC8B92950F3A200A1B21A /* Ali Features */,
				3FFCC8BB2950F45A00A1B21A /* Hussain features */,
				3FD2ABAF29477EA8001D293A /* Assets.xcassets */,
				3FD2ABB129477EA8001D293A /* LaunchScreen.storyboard */,
				3FD2ABB429477EA8001D293A /* Info.plist */,
			);
			path = DivingApp;
			sourceTree = "<group>";
		};
		3FFCC8B92950F3A200A1B21A /* Ali Features */ = {
			isa = PBXGroup;
			children = (
				3FB1C23A294B0D5B00C706F1 /* Home.storyboard */,
				3FB2446E29560C8A00CF45A6 /* HomeVC.swift */,
				3F54FB55295793A100F580CA /* AddEdit */,
				3F5B3831294B8F6100E2B78E /* AddEditTheTrips.storyboard */,
				3F5B3834294B8F8D00E2B78E /* AddEditTheDives.storyboard */,
			);
			path = "Ali Features";
			sourceTree = "<group>";
		};
		3FFCC8BA2950F44000A1B21A /* Safa Features */ = {
			isa = PBXGroup;
			children = (
				3F1AEE24294E432F004C24F7 /* TripsTableViewController.swift */,
				0645EF8C2953887200BB53DF /* ViewDivesTVC.swift */,
				062F8577295DD2BC0037DE59 /* equipmentCheck.storyboard */,
				062F8579295DD3380037DE59 /* EquipmentTVC.swift */,
				062F857D2960788D0037DE59 /* Equipment.swift */,
				062F857B295DD4600037DE59 /* EquipmentCell.swift */,
				3F5B3825294B89B600E2B78E /* TheTrips.storyboard */,
				0645EFB0295620A100BB53DF /* DiveCell.swift */,
				0645EFAE29561A3700BB53DF /* TripCell.swift */,
				3F5B3827294B89E300E2B78E /* TheDives.storyboard */,
			);
			path = "Safa Features";
			sourceTree = "<group>";
		};
		3FFCC8BB2950F45A00A1B21A /* Hussain features */ = {
			isa = PBXGroup;
			children = (
				3F5B3839294B92F900E2B78E /* ViewTheDives.storyboard */,
				3F9AACC1295B0F4500593E72 /* ViewTheDivesTVC.swift */,
				3F5B382A294B8BC900E2B78E /* UserSettings.storyboard */,
			);
			path = "Hussain features";
			sourceTree = "<group>";
		};
/* End PBXGroup section */

/* Begin PBXNativeTarget section */
		3FD2ABA229477EA6001D293A /* DivingApp */ = {
			isa = PBXNativeTarget;
			buildConfigurationList = 3FD2ABB729477EA8001D293A /* Build configuration list for PBXNativeTarget "DivingApp" */;
			buildPhases = (
				3FD2AB9F29477EA6001D293A /* Sources */,
				3FD2ABA029477EA6001D293A /* Frameworks */,
				3FD2ABA129477EA6001D293A /* Resources */,
			);
			buildRules = (
			);
			dependencies = (
			);
			name = DivingApp;
			productName = DivingApp;
			productReference = 3FD2ABA329477EA6001D293A /* DivingApp.app */;
			productType = "com.apple.product-type.application";
		};
/* End PBXNativeTarget section */

/* Begin PBXProject section */
		3FD2AB9B29477EA6001D293A /* Project object */ = {
			isa = PBXProject;
			attributes = {
				BuildIndependentTargetsInParallel = 1;
				LastSwiftUpdateCheck = 1340;
				LastUpgradeCheck = 1340;
				TargetAttributes = {
					3FD2ABA229477EA6001D293A = {
						CreatedOnToolsVersion = 13.4.1;
					};
				};
			};
			buildConfigurationList = 3FD2AB9E29477EA6001D293A /* Build configuration list for PBXProject "DivingApp" */;
			compatibilityVersion = "Xcode 13.0";
			developmentRegion = en;
			hasScannedForEncodings = 0;
			knownRegions = (
				en,
				Base,
			);
			mainGroup = 3FD2AB9A29477EA6001D293A;
			productRefGroup = 3FD2ABA429477EA6001D293A /* Products */;
			projectDirPath = "";
			projectRoot = "";
			targets = (
				3FD2ABA229477EA6001D293A /* DivingApp */,
			);
		};
/* End PBXProject section */

/* Begin PBXResourcesBuildPhase section */
		3FD2ABA129477EA6001D293A /* Resources */ = {
			isa = PBXResourcesBuildPhase;
			buildActionMask = 2147483647;
			files = (
				3FD2ABB329477EA8001D293A /* LaunchScreen.storyboard in Resources */,
				3FD2ABB029477EA8001D293A /* Assets.xcassets in Resources */,
				3F5B3829294B89E300E2B78E /* TheDives.storyboard in Resources */,
				3F5B3833294B8F6100E2B78E /* AddEditTheTrips.storyboard in Resources */,
				3FD2ABAE29477EA6001D293A /* Main.storyboard in Resources */,
				3F5B382B294B8BC900E2B78E /* UserSettings.storyboard in Resources */,
				3F5B3836294B8F8D00E2B78E /* AddEditTheDives.storyboard in Resources */,
				062F8578295DD2BC0037DE59 /* equipmentCheck.storyboard in Resources */,
				3F5B3826294B89B600E2B78E /* TheTrips.storyboard in Resources */,
				3FB1C23C294B0D5B00C706F1 /* Home.storyboard in Resources */,
				3F5B383B294B92F900E2B78E /* ViewTheDives.storyboard in Resources */,
			);
			runOnlyForDeploymentPostprocessing = 0;
		};
/* End PBXResourcesBuildPhase section */

/* Begin PBXSourcesBuildPhase section */
		3FD2AB9F29477EA6001D293A /* Sources */ = {
			isa = PBXSourcesBuildPhase;
			buildActionMask = 2147483647;
			files = (
				0645EF8D2953887200BB53DF /* ViewDivesTVC.swift in Sources */,
				3F020F982951A6BD00BC4291 /* AddEditTripTVC.swift in Sources */,
				062F857E2960788D0037DE59 /* Equipment.swift in Sources */,
				3FB1C236294B015700C706F1 /* Trips.swift in Sources */,
				062F857A295DD3380037DE59 /* EquipmentTVC.swift in Sources */,
				3FB2446F29560C8A00CF45A6 /* HomeVC.swift in Sources */,
				3F5DFA9C29576AAC00D482DB /* Dives.swift in Sources */,
				3F9AACC2295B0F4500593E72 /* ViewTheDivesTVC.swift in Sources */,
				3FD2ABAB29477EA6001D293A /* ViewController.swift in Sources */,
				3F1AEE25294E432F004C24F7 /* TripsTableViewController.swift in Sources */,
				062F857C295DD4600037DE59 /* EquipmentCell.swift in Sources */,
				3FD2ABA729477EA6001D293A /* AppDelegate.swift in Sources */,
				3F0C06A62952F06C00D4F178 /* AddEditDivesTVC.swift in Sources */,
				0645EFAF29561A3700BB53DF /* TripCell.swift in Sources */,
				3FD2ABA929477EA6001D293A /* SceneDelegate.swift in Sources */,
				0645EFB1295620A100BB53DF /* DiveCell.swift in Sources */,
			);
			runOnlyForDeploymentPostprocessing = 0;
		};
/* End PBXSourcesBuildPhase section */

/* Begin PBXVariantGroup section */
		3F5B3827294B89E300E2B78E /* TheDives.storyboard */ = {
			isa = PBXVariantGroup;
			children = (
				3F5B3828294B89E300E2B78E /* Base */,
			);
			name = TheDives.storyboard;
			sourceTree = "<group>";
		};
		3F5B3831294B8F6100E2B78E /* AddEditTheTrips.storyboard */ = {
			isa = PBXVariantGroup;
			children = (
				3F5B3832294B8F6100E2B78E /* Base */,
			);
			name = AddEditTheTrips.storyboard;
			sourceTree = "<group>";
		};
		3F5B3834294B8F8D00E2B78E /* AddEditTheDives.storyboard */ = {
			isa = PBXVariantGroup;
			children = (
				3F5B3835294B8F8D00E2B78E /* Base */,
			);
			name = AddEditTheDives.storyboard;
			sourceTree = "<group>";
		};
		3F5B3839294B92F900E2B78E /* ViewTheDives.storyboard */ = {
			isa = PBXVariantGroup;
			children = (
				3F5B383A294B92F900E2B78E /* Base */,
			);
			name = ViewTheDives.storyboard;
			sourceTree = "<group>";
		};
		3FB1C23A294B0D5B00C706F1 /* Home.storyboard */ = {
			isa = PBXVariantGroup;
			children = (
				3FB1C23B294B0D5B00C706F1 /* Base */,
			);
			name = Home.storyboard;
			sourceTree = "<group>";
		};
		3FD2ABAC29477EA6001D293A /* Main.storyboard */ = {
			isa = PBXVariantGroup;
			children = (
				3FD2ABAD29477EA6001D293A /* Base */,
			);
			name = Main.storyboard;
			sourceTree = "<group>";
		};
		3FD2ABB129477EA8001D293A /* LaunchScreen.storyboard */ = {
			isa = PBXVariantGroup;
			children = (
				3FD2ABB229477EA8001D293A /* Base */,
			);
			name = LaunchScreen.storyboard;
			sourceTree = "<group>";
		};
/* End PBXVariantGroup section */

/* Begin XCBuildConfiguration section */
		3FD2ABB529477EA8001D293A /* Debug */ = {
			isa = XCBuildConfiguration;
			buildSettings = {
				ALWAYS_SEARCH_USER_PATHS = NO;
				CLANG_ANALYZER_NONNULL = YES;
				CLANG_ANALYZER_NUMBER_OBJECT_CONVERSION = YES_AGGRESSIVE;
				CLANG_CXX_LANGUAGE_STANDARD = "gnu++17";
				CLANG_ENABLE_MODULES = YES;
				CLANG_ENABLE_OBJC_ARC = YES;
				CLANG_ENABLE_OBJC_WEAK = YES;
				CLANG_WARN_BLOCK_CAPTURE_AUTORELEASING = YES;
				CLANG_WARN_BOOL_CONVERSION = YES;
				CLANG_WARN_COMMA = YES;
				CLANG_WARN_CONSTANT_CONVERSION = YES;
				CLANG_WARN_DEPRECATED_OBJC_IMPLEMENTATIONS = YES;
				CLANG_WARN_DIRECT_OBJC_ISA_USAGE = YES_ERROR;
				CLANG_WARN_DOCUMENTATION_COMMENTS = YES;
				CLANG_WARN_EMPTY_BODY = YES;
				CLANG_WARN_ENUM_CONVERSION = YES;
				CLANG_WARN_INFINITE_RECURSION = YES;
				CLANG_WARN_INT_CONVERSION = YES;
				CLANG_WARN_NON_LITERAL_NULL_CONVERSION = YES;
				CLANG_WARN_OBJC_IMPLICIT_RETAIN_SELF = YES;
				CLANG_WARN_OBJC_LITERAL_CONVERSION = YES;
				CLANG_WARN_OBJC_ROOT_CLASS = YES_ERROR;
				CLANG_WARN_QUOTED_INCLUDE_IN_FRAMEWORK_HEADER = YES;
				CLANG_WARN_RANGE_LOOP_ANALYSIS = YES;
				CLANG_WARN_STRICT_PROTOTYPES = YES;
				CLANG_WARN_SUSPICIOUS_MOVE = YES;
				CLANG_WARN_UNGUARDED_AVAILABILITY = YES_AGGRESSIVE;
				CLANG_WARN_UNREACHABLE_CODE = YES;
				CLANG_WARN__DUPLICATE_METHOD_MATCH = YES;
				COPY_PHASE_STRIP = NO;
				DEBUG_INFORMATION_FORMAT = dwarf;
				ENABLE_STRICT_OBJC_MSGSEND = YES;
				ENABLE_TESTABILITY = YES;
				GCC_C_LANGUAGE_STANDARD = gnu11;
				GCC_DYNAMIC_NO_PIC = NO;
				GCC_NO_COMMON_BLOCKS = YES;
				GCC_OPTIMIZATION_LEVEL = 0;
				GCC_PREPROCESSOR_DEFINITIONS = (
					"DEBUG=1",
					"$(inherited)",
				);
				GCC_WARN_64_TO_32_BIT_CONVERSION = YES;
				GCC_WARN_ABOUT_RETURN_TYPE = YES_ERROR;
				GCC_WARN_UNDECLARED_SELECTOR = YES;
				GCC_WARN_UNINITIALIZED_AUTOS = YES_AGGRESSIVE;
				GCC_WARN_UNUSED_FUNCTION = YES;
				GCC_WARN_UNUSED_VARIABLE = YES;
				IPHONEOS_DEPLOYMENT_TARGET = 15.5;
				MTL_ENABLE_DEBUG_INFO = INCLUDE_SOURCE;
				MTL_FAST_MATH = YES;
				ONLY_ACTIVE_ARCH = YES;
				SDKROOT = iphoneos;
				SWIFT_ACTIVE_COMPILATION_CONDITIONS = DEBUG;
				SWIFT_OPTIMIZATION_LEVEL = "-Onone";
			};
			name = Debug;
		};
		3FD2ABB629477EA8001D293A /* Release */ = {
			isa = XCBuildConfiguration;
			buildSettings = {
				ALWAYS_SEARCH_USER_PATHS = NO;
				CLANG_ANALYZER_NONNULL = YES;
				CLANG_ANALYZER_NUMBER_OBJECT_CONVERSION = YES_AGGRESSIVE;
				CLANG_CXX_LANGUAGE_STANDARD = "gnu++17";
				CLANG_ENABLE_MODULES = YES;
				CLANG_ENABLE_OBJC_ARC = YES;
				CLANG_ENABLE_OBJC_WEAK = YES;
				CLANG_WARN_BLOCK_CAPTURE_AUTORELEASING = YES;
				CLANG_WARN_BOOL_CONVERSION = YES;
				CLANG_WARN_COMMA = YES;
				CLANG_WARN_CONSTANT_CONVERSION = YES;
				CLANG_WARN_DEPRECATED_OBJC_IMPLEMENTATIONS = YES;
				CLANG_WARN_DIRECT_OBJC_ISA_USAGE = YES_ERROR;
				CLANG_WARN_DOCUMENTATION_COMMENTS = YES;
				CLANG_WARN_EMPTY_BODY = YES;
				CLANG_WARN_ENUM_CONVERSION = YES;
				CLANG_WARN_INFINITE_RECURSION = YES;
				CLANG_WARN_INT_CONVERSION = YES;
				CLANG_WARN_NON_LITERAL_NULL_CONVERSION = YES;
				CLANG_WARN_OBJC_IMPLICIT_RETAIN_SELF = YES;
				CLANG_WARN_OBJC_LITERAL_CONVERSION = YES;
				CLANG_WARN_OBJC_ROOT_CLASS = YES_ERROR;
				CLANG_WARN_QUOTED_INCLUDE_IN_FRAMEWORK_HEADER = YES;
				CLANG_WARN_RANGE_LOOP_ANALYSIS = YES;
				CLANG_WARN_STRICT_PROTOTYPES = YES;
				CLANG_WARN_SUSPICIOUS_MOVE = YES;
				CLANG_WARN_UNGUARDED_AVAILABILITY = YES_AGGRESSIVE;
				CLANG_WARN_UNREACHABLE_CODE = YES;
				CLANG_WARN__DUPLICATE_METHOD_MATCH = YES;
				COPY_PHASE_STRIP = NO;
				DEBUG_INFORMATION_FORMAT = "dwarf-with-dsym";
				ENABLE_NS_ASSERTIONS = NO;
				ENABLE_STRICT_OBJC_MSGSEND = YES;
				GCC_C_LANGUAGE_STANDARD = gnu11;
				GCC_NO_COMMON_BLOCKS = YES;
				GCC_WARN_64_TO_32_BIT_CONVERSION = YES;
				GCC_WARN_ABOUT_RETURN_TYPE = YES_ERROR;
				GCC_WARN_UNDECLARED_SELECTOR = YES;
				GCC_WARN_UNINITIALIZED_AUTOS = YES_AGGRESSIVE;
				GCC_WARN_UNUSED_FUNCTION = YES;
				GCC_WARN_UNUSED_VARIABLE = YES;
				IPHONEOS_DEPLOYMENT_TARGET = 15.5;
				MTL_ENABLE_DEBUG_INFO = NO;
				MTL_FAST_MATH = YES;
				SDKROOT = iphoneos;
				SWIFT_COMPILATION_MODE = wholemodule;
				SWIFT_OPTIMIZATION_LEVEL = "-O";
				VALIDATE_PRODUCT = YES;
			};
			name = Release;
		};
		3FD2ABB829477EA8001D293A /* Debug */ = {
			isa = XCBuildConfiguration;
			buildSettings = {
				ASSETCATALOG_COMPILER_APPICON_NAME = AppIcon;
				ASSETCATALOG_COMPILER_GLOBAL_ACCENT_COLOR_NAME = AccentColor;
				CODE_SIGN_STYLE = Automatic;
				CURRENT_PROJECT_VERSION = 1;
				DEVELOPMENT_TEAM = HG84WPP7B7;
				GENERATE_INFOPLIST_FILE = YES;
				INFOPLIST_FILE = DivingApp/Info.plist;
				INFOPLIST_KEY_UIApplicationSupportsIndirectInputEvents = YES;
				INFOPLIST_KEY_UILaunchStoryboardName = LaunchScreen;
				INFOPLIST_KEY_UIMainStoryboardFile = Main;
				INFOPLIST_KEY_UISupportedInterfaceOrientations_iPad = "UIInterfaceOrientationPortrait UIInterfaceOrientationPortraitUpsideDown UIInterfaceOrientationLandscapeLeft UIInterfaceOrientationLandscapeRight";
				INFOPLIST_KEY_UISupportedInterfaceOrientations_iPhone = "UIInterfaceOrientationPortrait UIInterfaceOrientationLandscapeLeft UIInterfaceOrientationLandscapeRight";
				LD_RUNPATH_SEARCH_PATHS = (
					"$(inherited)",
					"@executable_path/Frameworks",
				);
				MARKETING_VERSION = 1.0;
				PRODUCT_BUNDLE_IDENTIFIER = polytechnic.bh.DivingApp;
				PRODUCT_NAME = "$(TARGET_NAME)";
				SWIFT_EMIT_LOC_STRINGS = YES;
				SWIFT_VERSION = 5.0;
				TARGETED_DEVICE_FAMILY = 1;
			};
			name = Debug;
		};
		3FD2ABB929477EA8001D293A /* Release */ = {
			isa = XCBuildConfiguration;
			buildSettings = {
				ASSETCATALOG_COMPILER_APPICON_NAME = AppIcon;
				ASSETCATALOG_COMPILER_GLOBAL_ACCENT_COLOR_NAME = AccentColor;
				CODE_SIGN_STYLE = Automatic;
				CURRENT_PROJECT_VERSION = 1;
				DEVELOPMENT_TEAM = HG84WPP7B7;
				GENERATE_INFOPLIST_FILE = YES;
				INFOPLIST_FILE = DivingApp/Info.plist;
				INFOPLIST_KEY_UIApplicationSupportsIndirectInputEvents = YES;
				INFOPLIST_KEY_UILaunchStoryboardName = LaunchScreen;
				INFOPLIST_KEY_UIMainStoryboardFile = Main;
				INFOPLIST_KEY_UISupportedInterfaceOrientations_iPad = "UIInterfaceOrientationPortrait UIInterfaceOrientationPortraitUpsideDown UIInterfaceOrientationLandscapeLeft UIInterfaceOrientationLandscapeRight";
				INFOPLIST_KEY_UISupportedInterfaceOrientations_iPhone = "UIInterfaceOrientationPortrait UIInterfaceOrientationLandscapeLeft UIInterfaceOrientationLandscapeRight";
				LD_RUNPATH_SEARCH_PATHS = (
					"$(inherited)",
					"@executable_path/Frameworks",
				);
				MARKETING_VERSION = 1.0;
				PRODUCT_BUNDLE_IDENTIFIER = polytechnic.bh.DivingApp;
				PRODUCT_NAME = "$(TARGET_NAME)";
				SWIFT_EMIT_LOC_STRINGS = YES;
				SWIFT_VERSION = 5.0;
				TARGETED_DEVICE_FAMILY = 1;
			};
			name = Release;
		};
/* End XCBuildConfiguration section */

/* Begin XCConfigurationList section */
		3FD2AB9E29477EA6001D293A /* Build configuration list for PBXProject "DivingApp" */ = {
			isa = XCConfigurationList;
			buildConfigurations = (
				3FD2ABB529477EA8001D293A /* Debug */,
				3FD2ABB629477EA8001D293A /* Release */,
			);
			defaultConfigurationIsVisible = 0;
			defaultConfigurationName = Release;
		};
		3FD2ABB729477EA8001D293A /* Build configuration list for PBXNativeTarget "DivingApp" */ = {
			isa = XCConfigurationList;
			buildConfigurations = (
				3FD2ABB829477EA8001D293A /* Debug */,
				3FD2ABB929477EA8001D293A /* Release */,
			);
			defaultConfigurationIsVisible = 0;
			defaultConfigurationName = Release;
		};
/* End XCConfigurationList section */
	};
	rootObject = 3FD2AB9B29477EA6001D293A /* Project object */;
}
